
Microsoft Visual Studio Solution File, Format Version 12.00
# Visual Studio Version 17
VisualStudioVersion = 17.13.35931.197
MinimumVisualStudioVersion = 10.0.40219.1
Project("{FAE04EC0-301F-11D3-BF4B-00C04F79EFBC}") = "Consultations", "..\Consultations\Consultations.csproj", "{6A4DB568-C302-41C4-A4CA-F6824F1E2BEC}"
EndProject
Global
	GlobalSection(SolutionConfigurationPlatforms) = preSolution
		Debug|Any CPU = Debug|Any CPU
		Release|Any CPU = Release|Any CPU
	EndGlobalSection
	GlobalSection(ProjectConfigurationPlatforms) = postSolution
		{6A4DB568-C302-41C4-A4CA-F6824F1E2BEC}.Debug|Any CPU.ActiveCfg = Debug|Any CPU
		{6A4DB568-C302-41C4-A4CA-F6824F1E2BEC}.Debug|Any CPU.Build.0 = Debug|Any CPU
		{6A4DB568-C302-41C4-A4CA-F6824F1E2BEC}.Release|Any CPU.ActiveCfg = Release|Any CPU
		{6A4DB568-C302-41C4-A4CA-F6824F1E2BEC}.Release|Any CPU.Build.0 = Release|Any CPU
	EndGlobalSection
	GlobalSection(SolutionProperties) = preSolution
		HideSolutionNode = FALSE
	EndGlobalSection
	GlobalSection(ExtensibilityGlobals) = postSolution
		SolutionGuid = {422FD791-F839-46A8-BF26-73622AF01706}
	EndGlobalSection
EndGlobal
