
Microsoft Visual Studio Solution File, Format Version 12.00
# Visual Studio Version 17
VisualStudioVersion = 17.13.35931.197 d17.13
MinimumVisualStudioVersion = 10.0.40219.1
Project("{FAE04EC0-301F-11D3-BF4B-00C04F79EFBC}") = "Consultation", "Consultation.csproj", "{55522111-A8A2-430F-A166-85A9C5823A87}"
EndProject
Global
	GlobalSection(SolutionConfigurationPlatforms) = preSolution
		Debug|Any CPU = Debug|Any CPU
		Release|Any CPU = Release|Any CPU
	EndGlobalSection
	GlobalSection(ProjectConfigurationPlatforms) = postSolution
		{55522111-A8A2-430F-A166-85A9C5823A87}.Debug|Any CPU.ActiveCfg = Debug|Any CPU
		{55522111-A8A2-430F-A166-85A9C5823A87}.Debug|Any CPU.Build.0 = Debug|Any CPU
		{55522111-A8A2-430F-A166-85A9C5823A87}.Release|Any CPU.ActiveCfg = Release|Any CPU
		{55522111-A8A2-430F-A166-85A9C5823A87}.Release|Any CPU.Build.0 = Release|Any CPU
	EndGlobalSection
	GlobalSection(SolutionProperties) = preSolution
		HideSolutionNode = FALSE
	EndGlobalSection
	GlobalSection(ExtensibilityGlobals) = postSolution
		SolutionGuid = {422FD791-F839-46A8-BF26-73622AF01706}
	EndGlobalSection
EndGlobal
